dependencies:
- name: prometheus
  repository: https://prometheus-community.github.io/helm-charts
  version: 18.1.0
- name: kube-arangodb
  repository: https://arangodb.github.io/kube-arangodb
  version: 1.2.24
- name: common
  repository: https://charts.bitnami.com/bitnami
  version: 2.0.2
digest: sha256:71d5aba1c0cbb1cbf248b131f6f7bca8662a3f4ff8a57d4d385270e0885a0449
generated: "2023-03-17T09:49:09.051947207Z"
