dependencies:
- name: prometheus
  repository: https://prometheus-community.github.io/helm-charts
  version: 18.1.0
- name: kube-arangodb
  repository: https://arangodb.github.io/kube-arangodb
  version: 1.2.26
- name: common
  repository: https://charts.bitnami.com/bitnami
  version: 2.4.0
digest: sha256:28e0a0cf419184446cba3bc900bd055ba0dafc42f274a4447d9ed2ad2acef020
generated: "2024-06-05T16:25:55.859704506Z"
